
Microsoft Visual Studio Solution File, Format Version 12.00
# Visual Studio Version 17
VisualStudioVersion = 17.5.33502.453
MinimumVisualStudioVersion = 10.0.40219.1
Project("{FAE04EC0-301F-11D3-BF4B-00C04F79EFBC}") = "csharp-oop-shop", "csharp-oop-shop.csproj", "{6CB62C83-6FF8-418A-A418-FDFF627BD548}"
EndProject
Global
	GlobalSection(SolutionConfigurationPlatforms) = preSolution
		Debug|Any CPU = Debug|Any CPU
		Release|Any CPU = Release|Any CPU
	EndGlobalSection
	GlobalSection(ProjectConfigurationPlatforms) = postSolution
		{6CB62C83-6FF8-418A-A418-FDFF627BD548}.Debug|Any CPU.ActiveCfg = Debug|Any CPU
		{6CB62C83-6FF8-418A-A418-FDFF627BD548}.Debug|Any CPU.Build.0 = Debug|Any CPU
		{6CB62C83-6FF8-418A-A418-FDFF627BD548}.Release|Any CPU.ActiveCfg = Release|Any CPU
		{6CB62C83-6FF8-418A-A418-FDFF627BD548}.Release|Any CPU.Build.0 = Release|Any CPU
	EndGlobalSection
	GlobalSection(SolutionProperties) = preSolution
		HideSolutionNode = FALSE
	EndGlobalSection
	GlobalSection(ExtensibilityGlobals) = postSolution
		SolutionGuid = {6CA795A7-7155-4140-AF09-FD5970A1B34B}
	EndGlobalSection
EndGlobal
